{
  "version": 2,
  "dependencies": {
    "net10.0": {
      "Microsoft.AspNetCore.OpenApi": {
        "type": "Direct",
        "requested": "[10.0.3, )",
        "resolved": "10.0.3",
        "contentHash": "SAvSrKDgnY5GDjDAngOXxPhUvEKlTU/0zIq8zidqHvh/xnZBPs0Vc4LqwyvnmnafNnyUaivtRABz4K4wodXfSg==",
        "dependencies": {
          "Microsoft.OpenApi": "2.0.0"
        }
      },
      "Microsoft.Sbom.Targets": {
        "type": "Direct",
        "requested": "[4.1.5, )",
        "resolved": "4.1.5",
        "contentHash": "i5z+cNu/cOcdO0AgFB8aXk8w6In2H+haaDfSgd9ImvQIK+rSHavHZIogVoAZLL8jLwYx4bAcs5b7EyuMMG4mQQ=="
      },
      "Scalar.AspNetCore": {
        "type": "Direct",
        "requested": "[2.13.1, )",
        "resolved": "2.13.1",
        "contentHash": "HxkQC71kWUQBdj/51GFyETO21pqmK5hfNpovAdIi4d/XEv/HIoMCNw3CGSwT0h5E8rG3CuaSm/Wz0xk7eLbu9A=="
      },
      "SonarAnalyzer.CSharp": {
        "type": "Direct",
        "requested": "[10.20.0.135146, )",
        "resolved": "10.20.0.135146",
        "contentHash": "Dx+sh/lhhJrG4Sr5W+bCDr/JKhY1Op6UaIoG5UrDVIyryC7rZtqO4Q4adzvm3IqAhFGHY7oYuaSjtR46hIv8qQ=="
      },
      "Microsoft.OpenApi": {
        "type": "Transitive",
        "resolved": "2.0.0",
        "contentHash": "GGYLfzV/G/ct80OZ45JxnWP7NvMX1BCugn/lX7TH5o0lcVaviavsLMTxmFV2AybXWjbi3h6FF1vgZiTK6PXndw=="
      },
      "streamsharp.plugin": {
        "type": "Project"
      }
    }
  }
}